
Microsoft Visual Studio Solution File, Format Version 12.00
# Visual Studio Version 17
VisualStudioVersion = 17.13.35931.197
MinimumVisualStudioVersion = 10.0.40219.1
Project("{FAE04EC0-301F-11D3-BF4B-00C04F79EFBC}") = "Tasker", "Tasker\Tasker.csproj", "{A7E1192C-F201-4833-8969-4FE99860DDCD}"
EndProject
Global
	GlobalSection(SolutionConfigurationPlatforms) = preSolution
		Debug|Any CPU = Debug|Any CPU
		Release|Any CPU = Release|Any CPU
	EndGlobalSection
	GlobalSection(ProjectConfigurationPlatforms) = postSolution
		{A7E1192C-F201-4833-8969-4FE99860DDCD}.Debug|Any CPU.ActiveCfg = Debug|Any CPU
		{A7E1192C-F201-4833-8969-4FE99860DDCD}.Debug|Any CPU.Build.0 = Debug|Any CPU
		{A7E1192C-F201-4833-8969-4FE99860DDCD}.Debug|Any CPU.Deploy.0 = Debug|Any CPU
		{A7E1192C-F201-4833-8969-4FE99860DDCD}.Release|Any CPU.ActiveCfg = Release|Any CPU
		{A7E1192C-F201-4833-8969-4FE99860DDCD}.Release|Any CPU.Build.0 = Release|Any CPU
	EndGlobalSection
	GlobalSection(SolutionProperties) = preSolution
		HideSolutionNode = FALSE
	EndGlobalSection
	GlobalSection(ExtensibilityGlobals) = postSolution
		SolutionGuid = {4CC81EA7-2CA4-49D8-AAD2-52BAB095453E}
	EndGlobalSection
EndGlobal
